
Microsoft Visual Studio Solution File, Format Version 12.00
# Visual Studio 15
VisualStudioVersion = 15.0.27004.2009
MinimumVisualStudioVersion = 10.0.40219.1
Project("{FAE04EC0-301F-11D3-BF4B-00C04F79EFBC}") = "BotAdjuntos", "BotAdjuntos\BotAdjuntos.csproj", "{C8E6F19E-634C-4650-9FA7-3F7F4D4EC883}"
EndProject
Global
	GlobalSection(SolutionConfigurationPlatforms) = preSolution
		Debug|Any CPU = Debug|Any CPU
		Release|Any CPU = Release|Any CPU
	EndGlobalSection
	GlobalSection(ProjectConfigurationPlatforms) = postSolution
		{C8E6F19E-634C-4650-9FA7-3F7F4D4EC883}.Debug|Any CPU.ActiveCfg = Debug|Any CPU
		{C8E6F19E-634C-4650-9FA7-3F7F4D4EC883}.Debug|Any CPU.Build.0 = Debug|Any CPU
		{C8E6F19E-634C-4650-9FA7-3F7F4D4EC883}.Release|Any CPU.ActiveCfg = Release|Any CPU
		{C8E6F19E-634C-4650-9FA7-3F7F4D4EC883}.Release|Any CPU.Build.0 = Release|Any CPU
	EndGlobalSection
	GlobalSection(SolutionProperties) = preSolution
		HideSolutionNode = FALSE
	EndGlobalSection
	GlobalSection(ExtensibilityGlobals) = postSolution
		SolutionGuid = {1B866923-D162-476B-AA91-CA513A0D3892}
	EndGlobalSection
EndGlobal
